
Microsoft Visual Studio Solution File, Format Version 12.00
# Visual Studio Version 17
VisualStudioVersion = 17.5.33414.496
MinimumVisualStudioVersion = 10.0.40219.1
Project("{FAE04EC0-301F-11D3-BF4B-00C04F79EFBC}") = "tpmodul5_1302210124", "tpmodul5_1302210124\tpmodul5_1302210124.csproj", "{376E52E0-D161-40AB-97E9-41FB5BB80C76}"
EndProject
Global
	GlobalSection(SolutionConfigurationPlatforms) = preSolution
		Debug|Any CPU = Debug|Any CPU
		Release|Any CPU = Release|Any CPU
	EndGlobalSection
	GlobalSection(ProjectConfigurationPlatforms) = postSolution
		{376E52E0-D161-40AB-97E9-41FB5BB80C76}.Debug|Any CPU.ActiveCfg = Debug|Any CPU
		{376E52E0-D161-40AB-97E9-41FB5BB80C76}.Debug|Any CPU.Build.0 = Debug|Any CPU
		{376E52E0-D161-40AB-97E9-41FB5BB80C76}.Release|Any CPU.ActiveCfg = Release|Any CPU
		{376E52E0-D161-40AB-97E9-41FB5BB80C76}.Release|Any CPU.Build.0 = Release|Any CPU
	EndGlobalSection
	GlobalSection(SolutionProperties) = preSolution
		HideSolutionNode = FALSE
	EndGlobalSection
	GlobalSection(ExtensibilityGlobals) = postSolution
		SolutionGuid = {C5656BAC-0EE3-4912-BA24-76D50D3F3BC1}
	EndGlobalSection
EndGlobal
